
Microsoft Visual Studio Solution File, Format Version 12.00
# Visual Studio 15
VisualStudioVersion = 15.0.28010.2050
MinimumVisualStudioVersion = 10.0.40219.1
Project("{9A19103F-16F7-4668-BE54-9A1E7A4F7556}") = "AdminLTE.Net.Web", "AdminLTE.Net.Web\AdminLTE.Net.Web.csproj", "{F6083232-A772-4D47-A46F-9117311C879D}"
EndProject
Project("{9A19103F-16F7-4668-BE54-9A1E7A4F7556}") = "AdminLTE.Models", "AdminLTE.Models\AdminLTE.Models.csproj", "{30A7E919-917B-4A8F-9A91-3B56FCFA03FF}"
EndProject
Project("{9A19103F-16F7-4668-BE54-9A1E7A4F7556}") = "AdminLTE.Domain", "AdminLTE.Domain\AdminLTE.Domain.csproj", "{4EE0CA9C-B476-44AD-B2CF-1A3F9B13EEB3}"
EndProject
Project("{FAE04EC0-301F-11D3-BF4B-00C04F79EFBC}") = "AdminLTE.Common", "AdminLTE.Common\AdminLTE.Common.csproj", "{820AF6D6-55D9-48CD-B343-A3E80ADCDD27}"
EndProject
Global
	GlobalSection(SolutionConfigurationPlatforms) = preSolution
		Debug|Any CPU = Debug|Any CPU
		Release|Any CPU = Release|Any CPU
	EndGlobalSection
	GlobalSection(ProjectConfigurationPlatforms) = postSolution
		{F6083232-A772-4D47-A46F-9117311C879D}.Debug|Any CPU.ActiveCfg = Debug|Any CPU
		{F6083232-A772-4D47-A46F-9117311C879D}.Debug|Any CPU.Build.0 = Debug|Any CPU
		{F6083232-A772-4D47-A46F-9117311C879D}.Release|Any CPU.ActiveCfg = Release|Any CPU
		{F6083232-A772-4D47-A46F-9117311C879D}.Release|Any CPU.Build.0 = Release|Any CPU
		{30A7E919-917B-4A8F-9A91-3B56FCFA03FF}.Debug|Any CPU.ActiveCfg = Debug|Any CPU
		{30A7E919-917B-4A8F-9A91-3B56FCFA03FF}.Debug|Any CPU.Build.0 = Debug|Any CPU
		{30A7E919-917B-4A8F-9A91-3B56FCFA03FF}.Release|Any CPU.ActiveCfg = Release|Any CPU
		{30A7E919-917B-4A8F-9A91-3B56FCFA03FF}.Release|Any CPU.Build.0 = Release|Any CPU
		{4EE0CA9C-B476-44AD-B2CF-1A3F9B13EEB3}.Debug|Any CPU.ActiveCfg = Debug|Any CPU
		{4EE0CA9C-B476-44AD-B2CF-1A3F9B13EEB3}.Debug|Any CPU.Build.0 = Debug|Any CPU
		{4EE0CA9C-B476-44AD-B2CF-1A3F9B13EEB3}.Release|Any CPU.ActiveCfg = Release|Any CPU
		{4EE0CA9C-B476-44AD-B2CF-1A3F9B13EEB3}.Release|Any CPU.Build.0 = Release|Any CPU
		{820AF6D6-55D9-48CD-B343-A3E80ADCDD27}.Debug|Any CPU.ActiveCfg = Debug|Any CPU
		{820AF6D6-55D9-48CD-B343-A3E80ADCDD27}.Debug|Any CPU.Build.0 = Debug|Any CPU
		{820AF6D6-55D9-48CD-B343-A3E80ADCDD27}.Release|Any CPU.ActiveCfg = Release|Any CPU
		{820AF6D6-55D9-48CD-B343-A3E80ADCDD27}.Release|Any CPU.Build.0 = Release|Any CPU
	EndGlobalSection
	GlobalSection(SolutionProperties) = preSolution
		HideSolutionNode = FALSE
	EndGlobalSection
	GlobalSection(ExtensibilityGlobals) = postSolution
		SolutionGuid = {329173B7-5F68-4376-9A9D-B824F9F2A716}
	EndGlobalSection
EndGlobal
